
Microsoft Visual Studio Solution File, Format Version 12.00
# Visual Studio 15
VisualStudioVersion = 15.0.27130.2003
MinimumVisualStudioVersion = 10.0.40219.1
Project("{FAE04EC0-301F-11D3-BF4B-00C04F79EFBC}") = "CVFinder", "CVFinder\CVFinder.csproj", "{5DF98647-1EAD-4228-AFB5-CEE91C0BE83D}"
EndProject
Project("{54435603-DBB4-11D2-8724-00A0C9A8B90C}") = "Setup", "Setup\Setup.vdproj", "{1A578553-06A6-4C68-9C6C-61FB25CFC63D}"
EndProject
Global
	GlobalSection(SolutionConfigurationPlatforms) = preSolution
		Debug|Any CPU = Debug|Any CPU
		Release|Any CPU = Release|Any CPU
	EndGlobalSection
	GlobalSection(ProjectConfigurationPlatforms) = postSolution
		{5DF98647-1EAD-4228-AFB5-CEE91C0BE83D}.Debug|Any CPU.ActiveCfg = Debug|Any CPU
		{5DF98647-1EAD-4228-AFB5-CEE91C0BE83D}.Debug|Any CPU.Build.0 = Debug|Any CPU
		{5DF98647-1EAD-4228-AFB5-CEE91C0BE83D}.Release|Any CPU.ActiveCfg = Release|Any CPU
		{5DF98647-1EAD-4228-AFB5-CEE91C0BE83D}.Release|Any CPU.Build.0 = Release|Any CPU
		{1A578553-06A6-4C68-9C6C-61FB25CFC63D}.Debug|Any CPU.ActiveCfg = Debug
		{1A578553-06A6-4C68-9C6C-61FB25CFC63D}.Release|Any CPU.ActiveCfg = Release
	EndGlobalSection
	GlobalSection(SolutionProperties) = preSolution
		HideSolutionNode = FALSE
	EndGlobalSection
	GlobalSection(ExtensibilityGlobals) = postSolution
		SolutionGuid = {B7438F40-597A-42DF-AA9D-8D9E6FB82642}
	EndGlobalSection
EndGlobal
